// !$*UTF8*$!
{
	archiveVersion = 1;
	classes = {
	};
	objectVersion = 46;
	objects = {

/* Begin PBXBuildFile section */
		4DAA01141E7F4F2100B23A24 /* AppDelegate.swift in Sources */ = {isa = PBXBuildFile; fileRef = 4DAA01131E7F4F2100B23A24 /* AppDelegate.swift */; };
		4DAA01161E7F4F2100B23A24 /* ViewController.swift in Sources */ = {isa = PBXBuildFile; fileRef = 4DAA01151E7F4F2100B23A24 /* ViewController.swift */; };
		4DAA01191E7F4F2100B23A24 /* Main.storyboard in Resources */ = {isa = PBXBuildFile; fileRef = 4DAA01171E7F4F2100B23A24 /* Main.storyboard */; };
		4DAA011B1E7F4F2100B23A24 /* Assets.xcassets in Resources */ = {isa = PBXBuildFile; fileRef = 4DAA011A1E7F4F2100B23A24 /* Assets.xcassets */; };
		4DAA011E1E7F4F2100B23A24 /* LaunchScreen.storyboard in Resources */ = {isa = PBXBuildFile; fileRef = 4DAA011C1E7F4F2100B23A24 /* LaunchScreen.storyboard */; };
/* End PBXBuildFile section */

/* Begin PBXFileReference section */
		4DAA01101E7F4F2100B23A24 /* Bicycle.app */ = {isa = PBXFileReference; explicitFileType = wrapper.application; includeInIndex = 0; path = Bicycle.app; sourceTree = BUILT_PRODUCTS_DIR; };
		4DAA01131E7F4F2100B23A24 /* AppDelegate.swift */ = {isa = PBXFileReference; lastKnownFileType = sourcecode.swift; path = AppDelegate.swift; sourceTree = "<group>"; };
		4DAA01151E7F4F2100B23A24 /* ViewController.swift */ = {isa = PBXFileReference; lastKnownFileType = sourcecode.swift; path = ViewController.swift; sourceTree = "<group>"; };
		4DAA01181E7F4F2100B23A24 /* Base */ = {isa = PBXFileReference; lastKnownFileType = file.storyboard; name = Base; path = Base.lproj/Main.storyboard; sourceTree = "<group>"; };
		4DAA011A1E7F4F2100B23A24 /* Assets.xcassets */ = {isa = PBXFileReference; lastKnownFileType = folder.assetcatalog; path = Assets.xcassets; sourceTree = "<group>"; };
		4DAA011D1E7F4F2100B23A24 /* Base */ = {isa = PBXFileReference; lastKnownFileType = file.storyboard; name = Base; path = Base.lproj/LaunchScreen.storyboard; sourceTree = "<group>"; };
		4DAA011F1E7F4F2100B23A24 /* Info.plist */ = {isa = PBXFileReference; lastKnownFileType = text.plist.xml; path = Info.plist; sourceTree = "<group>"; };
/* End PBXFileReference section */

/* Begin PBXFrameworksBuildPhase section */
		4DAA010D1E7F4F2100B23A24 /* Frameworks */ = {
			isa = PBXFrameworksBuildPhase;
			buildActionMask = 2147483647;
			files = (
			);
			runOnlyForDeploymentPostprocessing = 0;
		};
/* End PBXFrameworksBuildPhase section */

/* Begin PBXGroup section */
		4DAA01071E7F4F2100B23A24 = {
			isa = PBXGroup;
			children = (
				4DAA01121E7F4F2100B23A24 /* Bicycle */,
				4DAA01111E7F4F2100B23A24 /* Products */,
			);
			sourceTree = "<group>";
		};
		4DAA01111E7F4F2100B23A24 /* Products */ = {
			isa = PBXGroup;
			children = (
				4DAA01101E7F4F2100B23A24 /* Bicycle.app */,
			);
			name = Products;
			sourceTree = "<group>";
		};
		4DAA01121E7F4F2100B23A24 /* Bicycle */ = {
			isa = PBXGroup;
			children = (
				4DAA01131E7F4F2100B23A24 /* AppDelegate.swift */,
				4DAA01151E7F4F2100B23A24 /* ViewController.swift */,
				4DAA01171E7F4F2100B23A24 /* Main.storyboard */,
				4DAA011A1E7F4F2100B23A24 /* Assets.xcassets */,
				4DAA011C1E7F4F2100B23A24 /* LaunchScreen.storyboard */,
				4DAA011F1E7F4F2100B23A24 /* Info.plist */,
			);
			path = Bicycle;
			sourceTree = "<group>";
		};
/* End PBXGroup section */

/* Begin PBXNativeTarget section */
		4DAA010F1E7F4F2100B23A24 /* Bicycle */ = {
			isa = PBXNativeTarget;
			buildConfigurationList = 4DAA01221E7F4F2100B23A24 /* Build configuration list for PBXNativeTarget "Bicycle" */;
			buildPhases = (
				4DAA010C1E7F4F2100B23A24 /* Sources */,
				4DAA010D1E7F4F2100B23A24 /* Frameworks */,
				4DAA010E1E7F4F2100B23A24 /* Resources */,
			);
			buildRules = (
			);
			dependencies = (
			);
			name = Bicycle;
			productName = Bicycle;
			productReference = 4DAA01101E7F4F2100B23A24 /* Bicycle.app */;
			productType = "com.apple.product-type.application";
		};
/* End PBXNativeTarget section */

/* Begin PBXProject section */
		4DAA01081E7F4F2100B23A24 /* Project object */ = {
			isa = PBXProject;
			attributes = {
				LastSwiftUpdateCheck = 0830;
				LastUpgradeCheck = 0830;
				ORGANIZATIONNAME = "Kyra Catabay";
				TargetAttributes = {
					4DAA010F1E7F4F2100B23A24 = {
						CreatedOnToolsVersion = 8.3;
						ProvisioningStyle = Automatic;
					};
				};
			};
			buildConfigurationList = 4DAA010B1E7F4F2100B23A24 /* Build configuration list for PBXProject "Bicycle" */;
			compatibilityVersion = "Xcode 3.2";
			developmentRegion = English;
			hasScannedForEncodings = 0;
			knownRegions = (
				en,
				Base,
			);
			mainGroup = 4DAA01071E7F4F2100B23A24;
			productRefGroup = 4DAA01111E7F4F2100B23A24 /* Products */;
			projectDirPath = "";
			projectRoot = "";
			targets = (
				4DAA010F1E7F4F2100B23A24 /* Bicycle */,
			);
		};
/* End PBXProject section */

/* Begin PBXResourcesBuildPhase section */
		4DAA010E1E7F4F2100B23A24 /* Resources */ = {
			isa = PBXResourcesBuildPhase;
			buildActionMask = 2147483647;
			files = (
				4DAA011E1E7F4F2100B23A24 /* LaunchScreen.storyboard in Resources */,
				4DAA011B1E7F4F2100B23A24 /* Assets.xcassets in Resources */,
				4DAA01191E7F4F2100B23A24 /* Main.storyboard in Resources */,
			);
			runOnlyForDeploymentPostprocessing = 0;
		};
/* End PBXResourcesBuildPhase section */

/* Begin PBXSourcesBuildPhase section */
		4DAA010C1E7F4F2100B23A24 /* Sources */ = {
			isa = PBXSourcesBuildPhase;
			buildActionMask = 2147483647;
			files = (
				4DAA01161E7F4F2100B23A24 /* ViewController.swift in Sources */,
				4DAA01141E7F4F2100B23A24 /* AppDelegate.swift in Sources */,
			);
			runOnlyForDeploymentPostprocessing = 0;
		};
/* End PBXSourcesBuildPhase section */

/* Begin PBXVariantGroup section */
		4DAA01171E7F4F2100B23A24 /* Main.storyboard */ = {
			isa = PBXVariantGroup;
			children = (
				4DAA01181E7F4F2100B23A24 /* Base */,
			);
			name = Main.storyboard;
			sourceTree = "<group>";
		};
		4DAA011C1E7F4F2100B23A24 /* LaunchScreen.storyboard */ = {
			isa = PBXVariantGroup;
			children = (
				4DAA011D1E7F4F2100B23A24 /* Base */,
			);
			name = LaunchScreen.storyboard;
			sourceTree = "<group>";
		};
/* End PBXVariantGroup section */

/* Begin XCBuildConfiguration section */
		4DAA01201E7F4F2100B23A24 /* Debug */ = {
			isa = XCBuildConfiguration;
			buildSettings = {
				ALWAYS_SEARCH_USER_PATHS = NO;
				CLANG_ANALYZER_NONNULL = YES;
				CLANG_ANALYZER_NUMBER_OBJECT_CONVERSION = YES_AGGRESSIVE;
				CLANG_CXX_LANGUAGE_STANDARD = "gnu++0x";
				CLANG_CXX_LIBRARY = "libc++";
				CLANG_ENABLE_MODULES = YES;
				CLANG_ENABLE_OBJC_ARC = YES;
				CLANG_WARN_BOOL_CONVERSION = YES;
				CLANG_WARN_CONSTANT_CONVERSION = YES;
				CLANG_WARN_DIRECT_OBJC_ISA_USAGE = YES_ERROR;
				CLANG_WARN_DOCUMENTATION_COMMENTS = YES;
				CLANG_WARN_EMPTY_BODY = YES;
				CLANG_WARN_ENUM_CONVERSION = YES;
				CLANG_WARN_INFINITE_RECURSION = YES;
				CLANG_WARN_INT_CONVERSION = YES;
				CLANG_WARN_OBJC_ROOT_CLASS = YES_ERROR;
				CLANG_WARN_SUSPICIOUS_MOVE = YES;
				CLANG_WARN_UNREACHABLE_CODE = YES;
				CLANG_WARN__DUPLICATE_METHOD_MATCH = YES;
				"CODE_SIGN_IDENTITY[sdk=iphoneos*]" = "iPhone Developer";
				COPY_PHASE_STRIP = NO;
				DEBUG_INFORMATION_FORMAT = dwarf;
				ENABLE_STRICT_OBJC_MSGSEND = YES;
				ENABLE_TESTABILITY = YES;
				GCC_C_LANGUAGE_STANDARD = gnu99;
				GCC_DYNAMIC_NO_PIC = NO;
				GCC_NO_COMMON_BLOCKS = YES;
				GCC_OPTIMIZATION_LEVEL = 0;
				GCC_PREPROCESSOR_DEFINITIONS = (
					"DEBUG=1",
					"$(inherited)",
				);
				GCC_WARN_64_TO_32_BIT_CONVERSION = YES;
				GCC_WARN_ABOUT_RETURN_TYPE = YES_ERROR;
				GCC_WARN_UNDECLARED_SELECTOR = YES;
				GCC_WARN_UNINITIALIZED_AUTOS = YES_AGGRESSIVE;
				GCC_WARN_UNUSED_FUNCTION = YES;
				GCC_WARN_UNUSED_VARIABLE = YES;
				IPHONEOS_DEPLOYMENT_TARGET = 10.3;
				MTL_ENABLE_DEBUG_INFO = YES;
				ONLY_ACTIVE_ARCH = YES;
				SDKROOT = iphoneos;
				SWIFT_ACTIVE_COMPILATION_CONDITIONS = DEBUG;
				SWIFT_OPTIMIZATION_LEVEL = "-Onone";
				TARGETED_DEVICE_FAMILY = "1,2";
			};
			name = Debug;
		};
		4DAA01211E7F4F2100B23A24 /* Release */ = {
			isa = XCBuildConfiguration;
			buildSettings = {
				ALWAYS_SEARCH_USER_PATHS = NO;
				CLANG_ANALYZER_NONNULL = YES;
				CLANG_ANALYZER_NUMBER_OBJECT_CONVERSION = YES_AGGRESSIVE;
				CLANG_CXX_LANGUAGE_STANDARD = "gnu++0x";
				CLANG_CXX_LIBRARY = "libc++";
				CLANG_ENABLE_MODULES = YES;
				CLANG_ENABLE_OBJC_ARC = YES;
				CLANG_WARN_BOOL_CONVERSION = YES;
				CLANG_WARN_CONSTANT_CONVERSION = YES;
				CLANG_WARN_DIRECT_OBJC_ISA_USAGE = YES_ERROR;
				CLANG_WARN_DOCUMENTATION_COMMENTS = YES;
				CLANG_WARN_EMPTY_BODY = YES;
				CLANG_WARN_ENUM_CONVERSION = YES;
				CLANG_WARN_INFINITE_RECURSION = YES;
				CLANG_WARN_INT_CONVERSION = YES;
				CLANG_WARN_OBJC_ROOT_CLASS = YES_ERROR;
				CLANG_WARN_SUSPICIOUS_MOVE = YES;
				CLANG_WARN_UNREACHABLE_CODE = YES;
				CLANG_WARN__DUPLICATE_METHOD_MATCH = YES;
				"CODE_SIGN_IDENTITY[sdk=iphoneos*]" = "iPhone Developer";
				COPY_PHASE_STRIP = NO;
				DEBUG_INFORMATION_FORMAT = "dwarf-with-dsym";
				ENABLE_NS_ASSERTIONS = NO;
				ENABLE_STRICT_OBJC_MSGSEND = YES;
				GCC_C_LANGUAGE_STANDARD = gnu99;
				GCC_NO_COMMON_BLOCKS = YES;
				GCC_WARN_64_TO_32_BIT_CONVERSION = YES;
				GCC_WARN_ABOUT_RETURN_TYPE = YES_ERROR;
				GCC_WARN_UNDECLARED_SELECTOR = YES;
				GCC_WARN_UNINITIALIZED_AUTOS = YES_AGGRESSIVE;
				GCC_WARN_UNUSED_FUNCTION = YES;
				GCC_WARN_UNUSED_VARIABLE = YES;
				IPHONEOS_DEPLOYMENT_TARGET = 10.3;
				MTL_ENABLE_DEBUG_INFO = NO;
				SDKROOT = iphoneos;
				SWIFT_OPTIMIZATION_LEVEL = "-Owholemodule";
				TARGETED_DEVICE_FAMILY = "1,2";
				VALIDATE_PRODUCT = YES;
			};
			name = Release;
		};
		4DAA01231E7F4F2100B23A24 /* Debug */ = {
			isa = XCBuildConfiguration;
			buildSettings = {
				ASSETCATALOG_COMPILER_APPICON_NAME = AppIcon;
				INFOPLIST_FILE = Bicycle/Info.plist;
				LD_RUNPATH_SEARCH_PATHS = "$(inherited) @executable_path/Frameworks";
				PRODUCT_BUNDLE_IDENTIFIER = kyra.Bicycle;
				PRODUCT_NAME = "$(TARGET_NAME)";
				SWIFT_VERSION = 3.0;
			};
			name = Debug;
		};
		4DAA01241E7F4F2100B23A24 /* Release */ = {
			isa = XCBuildConfiguration;
			buildSettings = {
				ASSETCATALOG_COMPILER_APPICON_NAME = AppIcon;
				INFOPLIST_FILE = Bicycle/Info.plist;
				LD_RUNPATH_SEARCH_PATHS = "$(inherited) @executable_path/Frameworks";
				PRODUCT_BUNDLE_IDENTIFIER = kyra.Bicycle;
				PRODUCT_NAME = "$(TARGET_NAME)";
				SWIFT_VERSION = 3.0;
			};
			name = Release;
		};
/* End XCBuildConfiguration section */

/* Begin XCConfigurationList section */
		4DAA010B1E7F4F2100B23A24 /* Build configuration list for PBXProject "Bicycle" */ = {
			isa = XCConfigurationList;
			buildConfigurations = (
				4DAA01201E7F4F2100B23A24 /* Debug */,
				4DAA01211E7F4F2100B23A24 /* Release */,
			);
			defaultConfigurationIsVisible = 0;
			defaultConfigurationName = Release;
		};
		4DAA01221E7F4F2100B23A24 /* Build configuration list for PBXNativeTarget "Bicycle" */ = {
			isa = XCConfigurationList;
			buildConfigurations = (
				4DAA01231E7F4F2100B23A24 /* Debug */,
				4DAA01241E7F4F2100B23A24 /* Release */,
			);
			defaultConfigurationIsVisible = 0;
		};
/* End XCConfigurationList section */
	};
	rootObject = 4DAA01081E7F4F2100B23A24 /* Project object */;
}
